{
  "name": "tzdata",
  "version": "1.0.0",
  "lockfileVersion": 3,
  "requires": true,
  "packages": {
    "": {
      "name": "tzdata",
      "version": "1.0.0",
      "license": "ISC",
      "dependencies": {
        "tzdata": "^1.0.43"
      }
    },
    "node_modules/tzdata": {
      "version": "1.0.43",
      "resolved": "https://registry.npmjs.org/tzdata/-/tzdata-1.0.43.tgz",
      "integrity": "sha512-TOSJd221gho3QqgINM4dvdZzB6MZ4KFMDKb5iI6Jn+8skJM9llWF9SANT+PmVO+VQP9mn0QDY6JhCfCT9shTig==",
      "license": "MIT"
    }
  }
}
